
Microsoft Visual Studio Solution File, Format Version 12.00
# Visual Studio 15
VisualStudioVersion = 15.0.26730.10
MinimumVisualStudioVersion = 10.0.40219.1
Project("{FAE04EC0-301F-11D3-BF4B-00C04F79EFBC}") = "parkingclient", "parkingclient\parkingclient.csproj", "{AA4360E4-A8AB-467A-9B42-B62914DFCC6A}"
EndProject
Project("{2150E333-8FDC-42A3-9474-1A3956D46DE8}") = "Solution Items", "Solution Items", "{3F510A5D-EE3F-41E0-9DF5-27859236662D}"
	ProjectSection(SolutionItems) = preProject
		parkingclient\sounds\iphone.mp3 = parkingclient\sounds\iphone.mp3
	EndProjectSection
EndProject
Global
	GlobalSection(SolutionConfigurationPlatforms) = preSolution
		Debug|Any CPU = Debug|Any CPU
		Release|Any CPU = Release|Any CPU
	EndGlobalSection
	GlobalSection(ProjectConfigurationPlatforms) = postSolution
		{AA4360E4-A8AB-467A-9B42-B62914DFCC6A}.Debug|Any CPU.ActiveCfg = Debug|Any CPU
		{AA4360E4-A8AB-467A-9B42-B62914DFCC6A}.Debug|Any CPU.Build.0 = Debug|Any CPU
		{AA4360E4-A8AB-467A-9B42-B62914DFCC6A}.Release|Any CPU.ActiveCfg = Release|Any CPU
		{AA4360E4-A8AB-467A-9B42-B62914DFCC6A}.Release|Any CPU.Build.0 = Release|Any CPU
	EndGlobalSection
	GlobalSection(SolutionProperties) = preSolution
		HideSolutionNode = FALSE
	EndGlobalSection
	GlobalSection(ExtensibilityGlobals) = postSolution
		SolutionGuid = {6BAD12C5-781B-4214-8D45-0F4FC92684A2}
	EndGlobalSection
EndGlobal
